{
  "nodes": {
    "nixos-hardware": {
      "locked": {
        "lastModified": 1629975021,
        "narHash": "sha256-+z4pK5yvoIKAIPGnyxt7I7Y9yX72HFP2krppGENpn6I=",
        "owner": "NixOS",
        "repo": "nixos-hardware",
        "rev": "342048461da7fc743e588ee744080c045613a226",
        "type": "github"
      },
      "original": {
        "owner": "NixOS",
        "ref": "master",
        "repo": "nixos-hardware",
        "type": "github"
      }
    },
    "nixpkgs": {
      "locked": {
        "lastModified": 1631295156,
        "narHash": "sha256-jIriDkYUU09njpjvpRiS2/Yy+iKpmalCGJ2HnC41ZSQ=",
        "owner": "NixOS",
        "repo": "nixpkgs",
        "rev": "bbbe2b35f736d039884e082ecc6d6e631e126029",
        "type": "github"
      },
      "original": {
        "id": "nixpkgs",
        "ref": "nixos-unstable",
        "type": "indirect"
      }
    },
    "root": {
      "inputs": {
        "nixos-hardware": "nixos-hardware",
        "nixpkgs": "nixpkgs"
      }
    }
  },
  "root": "root",
  "version": 7
}
