{
  "nodes": {
    "emacs-overlay": {
      "locked": {
        "lastModified": 1632042822,
        "narHash": "sha256-YlLOdZDXZOdoLJ8SKv4d1B+55VjMeRk6yObnPEufUdw=",
        "owner": "nix-community",
        "repo": "emacs-overlay",
        "rev": "8ec106afc1bda54c483894a88e148e41a81ca537",
        "type": "github"
      },
      "original": {
        "owner": "nix-community",
        "repo": "emacs-overlay",
        "type": "github"
      }
    },
    "nixos-hardware": {
      "locked": {
        "lastModified": 1631875434,
        "narHash": "sha256-qmaLTz4ituJJ8DNoHwmrrCRmABMoNqNLJewxWpuZals=",
        "owner": "NixOS",
        "repo": "nixos-hardware",
        "rev": "16fca9df230408608846940981b4037762420b1b",
        "type": "github"
      },
      "original": {
        "owner": "NixOS",
        "ref": "master",
        "repo": "nixos-hardware",
        "type": "github"
      }
    },
    "nixpkgs": {
      "locked": {
        "lastModified": 1631785487,
        "narHash": "sha256-VSKEvOtaY/roDxEHFxXh6GguOqqWCJZ3E06fBdKu8+I=",
        "owner": "NixOS",
        "repo": "nixpkgs",
        "rev": "79c444b5bdeaba142d128afddee14c89ecf2a968",
        "type": "github"
      },
      "original": {
        "id": "nixpkgs",
        "ref": "nixos-unstable",
        "type": "indirect"
      }
    },
    "root": {
      "inputs": {
        "emacs-overlay": "emacs-overlay",
        "nixos-hardware": "nixos-hardware",
        "nixpkgs": "nixpkgs"
      }
    }
  },
  "root": "root",
  "version": 7
}
